version = 1
revision = 3
requires-python = ">=3.13"

[[package]]
name = "fastquadtree"
version = "2.4.2"
source = { registry = "https://pypi.org/simple" }
sdist = { url = "https://files.pythonhosted.org/packages/71/fc/64bfc68c0b2bcdb4cbd1cfd4a33379855dd8a1d8713cd9d5a7ad3f06aaf9/fastquadtree-2.4.2.tar.gz", hash = "sha256:d8eff682571e54179ed2b389bfed58e529611bf914945f7fe798e66edeee318e", size = 949898, upload-time = "2026-06-22T03:29:39.837Z" }
wheels = [
    { url = "https://files.pythonhosted.org/packages/4c/b3/bb699392d7de853b432e08e6625d29acc92eab9200386f609ebc65b2beb9/fastquadtree-2.4.2-cp39-abi3-macosx_10_12_x86_64.macosx_11_0_arm64.macosx_10_12_universal2.whl", hash = "sha256:3ff3b013a06e2308a5d97dd5f19d88b7bbe174eefad63204888fa5f2004b7b50", size = 817075, upload-time = "2026-06-22T03:29:31.015Z" },
    { url = "https://files.pythonhosted.org/packages/2f/31/65138e6497e2e078c1162a03d10e5f452ab717604080e0535aa2b8c4f841/fastquadtree-2.4.2-cp39-abi3-manylinux_2_28_aarch64.whl", hash = "sha256:cb0b6e1a096a710aaa7d73e052f035e62c0ae22fbcb0be07bf7ad90ff1674403", size = 456172, upload-time = "2026-06-22T03:29:32.403Z" },
    { url = "https://files.pythonhosted.org/packages/84/a8/c88b9a0df493ac4c4aa1e08355e248eba8860c5fd051109f873843a806cf/fastquadtree-2.4.2-cp39-abi3-manylinux_2_28_armv7l.whl", hash = "sha256:6f4411ed464694e292f984996f75b00440f573dd1bd57debd3da63487a09c9bd", size = 505217, upload-time = "2026-06-22T03:29:33.673Z" },
    { url = "https://files.pythonhosted.org/packages/13/da/65db13bf90e4ecd1dd05a91af4ff199c0024de387c1ad0b9d364304c041c/fastquadtree-2.4.2-cp39-abi3-manylinux_2_28_x86_64.whl", hash = "sha256:b226e3eddd0aee6413275848fa543205ec8adf1c23b05a269e44dd12b9035171", size = 471595, upload-time = "2026-06-22T03:29:34.981Z" },
    { url = "https://files.pythonhosted.org/packages/65/c7/95f0b0a37c473b1e40976508bf903c846ffe6261faad3601dd6a63eccf8d/fastquadtree-2.4.2-cp39-abi3-pyemscripten_2025_0_wasm32.whl", hash = "sha256:3ebc6508810c87ede4bafcb91d0d26ad4a198822851e9db2e18b728d9260b59e", size = 208610, upload-time = "2026-06-22T03:29:36.114Z" },
    { url = "https://files.pythonhosted.org/packages/92/78/819cca848bdf5690c8acd19246b3455396b7cb00abe4ce0c59459c9b54c0/fastquadtree-2.4.2-cp39-abi3-pyemscripten_2026_0_wasm32.whl", hash = "sha256:af19ad98c5131cafb5f2838a3fdf3ec64250e9e775fce5931b71759c46502959", size = 208597, upload-time = "2026-06-22T03:29:37.093Z" },
    { url = "https://files.pythonhosted.org/packages/07/95/d79860a954a3aef47bb8861d1091a36ea233344e60aa579d46884172e4ed/fastquadtree-2.4.2-cp39-abi3-win_amd64.whl", hash = "sha256:f45a72f868ac698ef668b7747e6f876e45347009fc1ae5ea2f09afd054fd4653", size = 318478, upload-time = "2026-06-22T03:29:38.408Z" },
]

[[package]]
name = "numpy"
version = "2.5.0"
source = { registry = "https://pypi.org/simple" }
sdist = { url = "https://files.pythonhosted.org/packages/e7/05/3d27272d30698dc0ecb7fdfaa41ad70303b444f81722bb99bce1d818638a/numpy-2.5.0.tar.gz", hash = "sha256:5a129578019311b6e56bdd714250f19b518f7dceeeb8d1af5490f4942d3f891c", size = 20652461, upload-time = "2026-06-21T20:57:51.95Z" }
wheels = [
    { url = "https://files.pythonhosted.org/packages/8a/33/07675aaad7f26ea013d5e884d9a0d784b79c6bd7566c333f5a52fa3c610b/numpy-2.5.0-cp313-cp313-macosx_10_13_x86_64.whl", hash = "sha256:520e6b8be0a4b65840ac8090d4f51cef4bed66e2b0894d5a520f099adc24a9b2", size = 16784890, upload-time = "2026-06-21T20:56:40.799Z" },
    { url = "https://files.pythonhosted.org/packages/85/4b/953118a730ee3b35e28645e0eb4cf9beec5bdbb954e1ac2f5fcefba6bbc3/numpy-2.5.0-cp313-cp313-macosx_11_0_arm64.whl", hash = "sha256:146b81cdd3967fdb6beca8ba25f00c58741d8f3cbd797f55af0fbe0bfec3469c", size = 11754584, upload-time = "2026-06-21T20:56:43.094Z" },
    { url = "https://files.pythonhosted.org/packages/44/9b/56dd530c367c74ae17411027cea4135ca57e1e0583bf5594cee18bd83217/numpy-2.5.0-cp313-cp313-macosx_14_0_arm64.whl", hash = "sha256:126b88d95e8ff9b00c9e717aa540469f21d6180162f84c0caec51b16215d49cd", size = 5313904, upload-time = "2026-06-21T20:56:45.503Z" },
    { url = "https://files.pythonhosted.org/packages/ce/b0/bcd672edad27ecca7da1f7bb0ce72cd1706a4f2d79ae94990afc97c13e1c/numpy-2.5.0-cp313-cp313-macosx_14_0_x86_64.whl", hash = "sha256:d4313cef1594c5ce46c31b6e54e918338f63f16ee9322304e8c9114d6d81c8bd", size = 6648504, upload-time = "2026-06-21T20:56:47.567Z" },
    { url = "https://files.pythonhosted.org/packages/80/9e/15cdfcbd30a1544a46c9e487a00df331c4672450216538705a9e51fa6710/numpy-2.5.0-cp313-cp313-manylinux_2_27_aarch64.manylinux_2_28_aarch64.whl", hash = "sha256:750fb097caf26fa878746d9d119f6f9da12dedcbff1eea966c3e3447647c4a9e", size = 15150086, upload-time = "2026-06-21T20:56:49.352Z" },
    { url = "https://files.pythonhosted.org/packages/32/4e/8d7656ccaab3e81e97258b8a9bc5f0c8502513a92fb4ceb0a2cbfebc17bf/numpy-2.5.0-cp313-cp313-manylinux_2_27_x86_64.manylinux_2_28_x86_64.whl", hash = "sha256:3893adc2dc7c0412ba76777db55a049215d99c9aa3113003be8f49f4f1290ab9", size = 16647250, upload-time = "2026-06-21T20:56:51.542Z" },
    { url = "https://files.pythonhosted.org/packages/3c/81/97060281b602ed07f21b12f4ec409eac1f75a2f91fbc829ed8b2becf3ad4/numpy-2.5.0-cp313-cp313-musllinux_1_2_aarch64.whl", hash = "sha256:835e454dd99b238cdc5a3f63bce2371296f5ebc53ca1e0f8e6ddbb6d92a29aab", size = 16512864, upload-time = "2026-06-21T20:56:55.401Z" },
    { url = "https://files.pythonhosted.org/packages/33/ab/4496208146911f8d8ddb54f68a972aafa6c8d44babcb2ea03b0e5cc87c9d/numpy-2.5.0-cp313-cp313-musllinux_1_2_x86_64.whl", hash = "sha256:6f9836778081a0a3c02a6a21493f3e9f5b311f8d2541934f31f05583dc999ea4", size = 18408407, upload-time = "2026-06-21T20:56:57.75Z" },
    { url = "https://files.pythonhosted.org/packages/d4/9f/a4df67c181e4ee8b467aa3332dc2db10fd5c515136831302f3ca48bc0a01/numpy-2.5.0-cp313-cp313-win32.whl", hash = "sha256:0b525be4744b60bb0557ac872d53ef07d085b5f39622bc579c98d3809d05b988", size = 6054431, upload-time = "2026-06-21T20:57:00.016Z" },
    { url = "https://files.pythonhosted.org/packages/30/53/491e1c47c55b62ccc6a63c1c5b8635c73fc2258dddeb9bda27cae4a0ae96/numpy-2.5.0-cp313-cp313-win_amd64.whl", hash = "sha256:44353e2878930039db472b99dc353d749826e4010bd4d2a7f835e94a97a5c748", size = 12414420, upload-time = "2026-06-21T20:57:01.815Z" },
    { url = "https://files.pythonhosted.org/packages/eb/4a/25c2906f541e9d9f4c5769764db732e6627be91a13f4724fa10634d77db4/numpy-2.5.0-cp313-cp313-win_arm64.whl", hash = "sha256:48f54b00711f83a5f796b70c518e8c2b3c5848dda03a54911f23eb68519b9b60", size = 10339533, upload-time = "2026-06-21T20:57:03.961Z" },
    { url = "https://files.pythonhosted.org/packages/86/ad/abc44aaceaf7b17ee1edde2bbb4458da591bc79574cffff50c4bb35f00d1/numpy-2.5.0-cp314-cp314-macosx_10_15_x86_64.whl", hash = "sha256:f27582c55ba4c750b7c58c8faf021d2cd9324a662b466229db8a417b41368af9", size = 16783807, upload-time = "2026-06-21T20:57:06.253Z" },
    { url = "https://files.pythonhosted.org/packages/5d/39/b72e168daf9c00fb20c9fc996d00437ccecdef3102387775d29d7a62576d/numpy-2.5.0-cp314-cp314-macosx_11_0_arm64.whl", hash = "sha256:28e7137057d551e4a83c4ae414e3451f50568409db7569aacc7f9811ee06a446", size = 11765215, upload-time = "2026-06-21T20:57:08.547Z" },
    { url = "https://files.pythonhosted.org/packages/f7/a0/8400a9c0e3625182347593f5e1f57da9a617a534794805c8df5518154ddc/numpy-2.5.0-cp314-cp314-macosx_14_0_arm64.whl", hash = "sha256:e1da54b53e75cd9fcfc23efcc7edab2c6aecf97b6037566d8a0fe804af8ec57c", size = 5324493, upload-time = "2026-06-21T20:57:11.012Z" },
    { url = "https://files.pythonhosted.org/packages/f6/8c/0d104deaa0401c93395a629ec902891618a2eff76d19229139cb5a887bfc/numpy-2.5.0-cp314-cp314-macosx_14_0_x86_64.whl", hash = "sha256:694d8f74e156f7fd01179f1aa8faa2f648ab6ae0f70b6c3fe57a03249aea2303", size = 6645211, upload-time = "2026-06-21T20:57:12.919Z" },
    { url = "https://files.pythonhosted.org/packages/6a/d9/4a4a628c812750363786afc3d33492709a5cd64b215469c16b0f6c7bb811/numpy-2.5.0-cp314-cp314-manylinux_2_27_aarch64.manylinux_2_28_aarch64.whl", hash = "sha256:1a7569a7b53c77716f036bb28cb1c91f166a26ec7d9502cd1e4bdfe502fdec22", size = 15166004, upload-time = "2026-06-21T20:57:14.717Z" },
    { url = "https://files.pythonhosted.org/packages/a0/5e/2a902317d7fc4aa93236e80c932662dadfc459b323d758329e01775125e1/numpy-2.5.0-cp314-cp314-manylinux_2_27_x86_64.manylinux_2_28_x86_64.whl", hash = "sha256:39a0433bd4086ebd462960cf375e19195bb07b53dc1d87dd5fcf47ad78576f03", size = 16650797, upload-time = "2026-06-21T20:57:16.906Z" },
    { url = "https://files.pythonhosted.org/packages/e9/a0/a0090e6329f4ca5992c07847bb579c5259a19953dc57255bb08793142ffb/numpy-2.5.0-cp314-cp314-musllinux_1_2_aarch64.whl", hash = "sha256:929f0c79ac38bcbd7154fe631dc907abfeddbcc5027a896bd1f7767323271e7a", size = 16524647, upload-time = "2026-06-21T20:57:19.165Z" },
    { url = "https://files.pythonhosted.org/packages/5e/7d/6caf27734c42b65837e7461ed0dbbd6b6fc835060c9714ec59d673bb383a/numpy-2.5.0-cp314-cp314-musllinux_1_2_x86_64.whl", hash = "sha256:cc4f247a47bbf070bfd70be53ccdcf47b800af563535e7bbe172322197c30e21", size = 18411841, upload-time = "2026-06-21T20:57:21.638Z" },
    { url = "https://files.pythonhosted.org/packages/13/dc/26edadbd812536769a82c2e9e002234e33feb5da43061d47a044f6d309b7/numpy-2.5.0-cp314-cp314-win32.whl", hash = "sha256:5dc71423499fab3f46f7a7201155ade1669ea101f2f429d332df9e72f8161731", size = 6106361, upload-time = "2026-06-21T20:57:23.844Z" },
    { url = "https://files.pythonhosted.org/packages/f2/9e/4dd1459282229a72d92dece2ae9138e5cac94a72263a7ceb48f37434c925/numpy-2.5.0-cp314-cp314-win_amd64.whl", hash = "sha256:ebb81d9d5443e0309d6c54894c3fbed74ad7da0714352a67b6d773cd189eae73", size = 12551749, upload-time = "2026-06-21T20:57:25.945Z" },
    { url = "https://files.pythonhosted.org/packages/05/a7/6bc6384c080b86c7f6c85c5bc5b540b24f4f679cd144791d99574e90d462/numpy-2.5.0-cp314-cp314-win_arm64.whl", hash = "sha256:3b94d0d0deceebfad3e67ae5c0e5eb87371e8f7a0581cd04a779928c2450cf1e", size = 10617072, upload-time = "2026-06-21T20:57:28.175Z" },
    { url = "https://files.pythonhosted.org/packages/86/6b/4a2b71d66ada5608ae02b63f150dfad520f6940721cb7f029ad270befc0e/numpy-2.5.0-cp314-cp314t-macosx_11_0_arm64.whl", hash = "sha256:22f3d43e362d650bc39db1f17851302874a148ca95ba6981c1dfb5fa6862f35b", size = 11881067, upload-time = "2026-06-21T20:57:30.104Z" },
    { url = "https://files.pythonhosted.org/packages/dc/b2/d365eb40a20efb49d67e9feb90494ed8511282ee1f5fa16006675c65397d/numpy-2.5.0-cp314-cp314t-macosx_14_0_arm64.whl", hash = "sha256:243563efb4cd7528a264567e9fd206c87826457322521d06206a00bfa316c927", size = 5440290, upload-time = "2026-06-21T20:57:32.193Z" },
    { url = "https://files.pythonhosted.org/packages/fa/5e/e9c03188de5f9b767e46a8fe988bcfd3efad066a4a3fda8b9cb11a93f895/numpy-2.5.0-cp314-cp314t-macosx_14_0_x86_64.whl", hash = "sha256:84881d825ca75249b189bbee875fcfe3238aa5c479e6100893cda566e8e86826", size = 6748371, upload-time = "2026-06-21T20:57:33.933Z" },
    { url = "https://files.pythonhosted.org/packages/fd/1d/68c186a38a5027bae2c4ddd5ea681fdaf8b4d30fb7301def6d8ad270390f/numpy-2.5.0-cp314-cp314t-manylinux_2_27_aarch64.manylinux_2_28_aarch64.whl", hash = "sha256:cda12aa4779d42b8771180aba759c96f527d43446d8f380ab59e2b35e8489efd", size = 15214643, upload-time = "2026-06-21T20:57:35.677Z" },
    { url = "https://files.pythonhosted.org/packages/8c/67/73f67b7c7e20635baae9c4c3ead4ae7326a005900297a6110971abd62eb5/numpy-2.5.0-cp314-cp314t-manylinux_2_27_x86_64.manylinux_2_28_x86_64.whl", hash = "sha256:1c0121101093d2bd74981b10f8837d78e794a8ff57834eb27179f49e1ba11ac6", size = 16690128, upload-time = "2026-06-21T20:57:38.159Z" },
    { url = "https://files.pythonhosted.org/packages/eb/05/d4c1fb0c46d02a27d6b2b8b319a78c90937acec8631c1641874670b31e6f/numpy-2.5.0-cp314-cp314t-musllinux_1_2_aarch64.whl", hash = "sha256:d371c92cfa09da00022f501ab67fafaea813d752eb30ac44336d45b1e5b0268a", size = 16577902, upload-time = "2026-06-21T20:57:40.447Z" },
    { url = "https://files.pythonhosted.org/packages/9e/1d/771c797d50fa26e4888989cccf1d50ee51f530d4e455ad2692dcb64fa711/numpy-2.5.0-cp314-cp314t-musllinux_1_2_x86_64.whl", hash = "sha256:9990713e9c38154c6861e7547f1e3fc7a87e75ff09bab24ef1cc81d81c2835e9", size = 18452814, upload-time = "2026-06-21T20:57:42.875Z" },
    { url = "https://files.pythonhosted.org/packages/e8/46/52fc0d2a68d7643f0f149eeea5a5d8ea2a3507056ac8afa83c9212606e8b/numpy-2.5.0-cp314-cp314t-win32.whl", hash = "sha256:edadfbd4794b1086c0d822f81863e8a68fc129d132fd0bb9e31e955d7fbbbdb7", size = 6253168, upload-time = "2026-06-21T20:57:45.101Z" },
    { url = "https://files.pythonhosted.org/packages/2a/be/6c8d1118b5f13b2881dc095d5b345de19c6638b8959c17409b6eff84c8aa/numpy-2.5.0-cp314-cp314t-win_amd64.whl", hash = "sha256:f7e5fa4382967ae6548bd2f174219afb908e294b0d5f625af01166edd5f7d9aa", size = 12736286, upload-time = "2026-06-21T20:57:46.935Z" },
    { url = "https://files.pythonhosted.org/packages/fd/6a/d3a169aaf8536cf228d56a09e04bcb713a2fe4410d4e2105b9419b5a9c89/numpy-2.5.0-cp314-cp314t-win_arm64.whl", hash = "sha256:016623417bb330d719d579daf2d6b9a01ddc52e41a9ed61a47f39fde46dcd865", size = 10686451, upload-time = "2026-06-21T20:57:49.313Z" },
]

[[package]]
name = "numpy-particles"
version = "0.1.0"
source = { virtual = "." }
dependencies = [
    { name = "fastquadtree" },
    { name = "numpy" },
    { name = "pygame-ce" },
]

[package.metadata]
requires-dist = [
    { name = "fastquadtree" },
    { name = "numpy" },
    { name = "numpy", specifier = ">=1.26" },
    { name = "pygame-ce" },
]

[[package]]
name = "pygame-ce"
version = "2.5.7"
source = { registry = "https://pypi.org/simple" }
sdist = { url = "https://files.pythonhosted.org/packages/e9/0d/bb6a6fdf1b227c0bb9a44437a70962a3854bcc541533c261e5021a5ee691/pygame_ce-2.5.7.tar.gz", hash = "sha256:86beb797cd73c141299a29b56f7df2b0543fbdc81d428022458329ff694aaa51", size = 5935870, upload-time = "2026-03-02T09:26:59.005Z" }
wheels = [
    { url = "https://files.pythonhosted.org/packages/21/96/d28381210ec2ed5d7a04f77cd8f6949a7734f75a7a7d9a95fe8ed60fe3ba/pygame_ce-2.5.7-cp313-cp313-macosx_10_13_universal2.whl", hash = "sha256:8766985d802017e150fcfb9adc659967d8548a961d491b8974f0748412cc0427", size = 17203240, upload-time = "2026-03-02T09:26:10.975Z" },
    { url = "https://files.pythonhosted.org/packages/b8/f0/a3e4d0ad2519d106d178652ae7ec692e8acadf3d2260493840c27f8eabb8/pygame_ce-2.5.7-cp313-cp313-manylinux2014_aarch64.manylinux_2_17_aarch64.whl", hash = "sha256:58eabfc184dd28c682e5e6ccfce01224bb12653c6648babcd0bb9d9bd662d938", size = 12705532, upload-time = "2026-03-02T09:26:13.795Z" },
    { url = "https://files.pythonhosted.org/packages/13/0d/6d6c29aa5ecf63a66983bdf04066dc019290e7412f64b0ae5133c5e53d47/pygame_ce-2.5.7-cp313-cp313-manylinux2014_i686.manylinux_2_17_i686.whl", hash = "sha256:92d5732cd512c8ec0b47e9a3e6c683fb811bdf2090362580778ce698222a64ab", size = 13233559, upload-time = "2026-03-02T09:26:16.202Z" },
    { url = "https://files.pythonhosted.org/packages/fe/96/e400d3a2c6456e3a334d9fae1f8704d964027b60064935278028dd79293f/pygame_ce-2.5.7-cp313-cp313-manylinux2014_x86_64.manylinux_2_17_x86_64.whl", hash = "sha256:48e9a4ece43b08adc8ffb0bbbe0fe183eef4bb501a7d31552ae7398592ec0a82", size = 12811409, upload-time = "2026-03-02T09:26:19.148Z" },
    { url = "https://files.pythonhosted.org/packages/8f/ed/8e3c6f5d4ac763f6766c2043f842b2c52028b30a4ce2ce2f5dced5961354/pygame_ce-2.5.7-cp313-cp313-win32.whl", hash = "sha256:f6439100bdee81da96f5acffb280f20511c93dd67178d8a8cf29d6cfd1aa46dd", size = 9835553, upload-time = "2026-03-02T09:26:22.123Z" },
    { url = "https://files.pythonhosted.org/packages/06/a0/7acd164b3a206327bf53df5e5399227a5baf858ae2944cba562a0ae77e0a/pygame_ce-2.5.7-cp313-cp313-win_amd64.whl", hash = "sha256:25047c97760fc640a6a8bbfdf3398c5825adfd55986a7523a65c95a1fb61d759", size = 10413012, upload-time = "2026-03-02T09:26:24.747Z" },
    { url = "https://files.pythonhosted.org/packages/47/d5/e4419a340ae24bd0dde5a6861406c24114f59a543aad44f1d2f2ae4752d5/pygame_ce-2.5.7-cp313-cp313-win_arm64.whl", hash = "sha256:f5a7197096ef82d588539f13b0f7ade767f800c7b0b015a94e386f488e1039f6", size = 10856939, upload-time = "2026-03-02T09:26:27.107Z" },
    { url = "https://files.pythonhosted.org/packages/26/08/9fe0003d69077ff8faff242a85260b8a192d3b7111c02332b8b2f515d40c/pygame_ce-2.5.7-cp314-cp314-macosx_10_15_universal2.whl", hash = "sha256:addfbf7d119647eec157d611f463e5d572836fa74d0d222c59210294ed618b9d", size = 17211017, upload-time = "2026-03-02T09:26:30.243Z" },
    { url = "https://files.pythonhosted.org/packages/40/c7/217c5430c8c612879162beb2d18cb10ad8b1b4db6ce03245289a3de6bc1b/pygame_ce-2.5.7-cp314-cp314-manylinux2014_aarch64.manylinux_2_17_aarch64.whl", hash = "sha256:1c92feb289e34ac323a7b62b91d230a4e32b44059c4d7fb95631e504b1d9b365", size = 12710845, upload-time = "2026-03-02T09:26:33.165Z" },
    { url = "https://files.pythonhosted.org/packages/00/a4/6fb0054bfb2522c4ad3ff82ecbc9c1a3c6694c50d24f2451717121636a1d/pygame_ce-2.5.7-cp314-cp314-manylinux2014_x86_64.manylinux_2_17_x86_64.whl", hash = "sha256:5c1ed4100311015cc67d24fe4e4d7c2f4cb25c34e043545061271c1d018c02d4", size = 12812020, upload-time = "2026-03-02T09:26:35.953Z" },
    { url = "https://files.pythonhosted.org/packages/a2/9b/0e0996573a9dd4bb34874c10643224a72372818242e07486c9eb4a22eebb/pygame_ce-2.5.7-cp314-cp314-win32.whl", hash = "sha256:1b7e641af3aeac92bb7e4df1402d6802271f4bd09c747d2665f154ef9b07a4e6", size = 9968590, upload-time = "2026-03-02T09:26:38.517Z" },
    { url = "https://files.pythonhosted.org/packages/96/96/c94d0e508954093e37a77b03101a3cf51a242e02cc0ec726edcb117f8885/pygame_ce-2.5.7-cp314-cp314-win_amd64.whl", hash = "sha256:595f4257c15fed11cd816ae0bfabad3d99f8f04a000d7d164a22c0f9afd6cb65", size = 10581240, upload-time = "2026-03-02T09:26:41.139Z" },
    { url = "https://files.pythonhosted.org/packages/81/bb/93c5dadb66ac9733ca52952e063cce117a9312d6f97facd5dc4932f3d777/pygame_ce-2.5.7-cp314-cp314-win_arm64.whl", hash = "sha256:3e6ce74fd5a5f146f1bcf0224ae3e880c733917a9edbb53f790329d235520433", size = 11057480, upload-time = "2026-03-02T09:26:43.871Z" },
]
